
Microsoft Visual Studio Solution File, Format Version 12.00
# Visual Studio 2013
VisualStudioVersion = 12.0.21005.1
MinimumVisualStudioVersion = 10.0.40219.1
Project("{FAE04EC0-301F-11D3-BF4B-00C04F79EFBC}") = "Client", "Client\Client.csproj", "{4FB32B07-7350-45B1-B13D-1C87CDC54166}"
EndProject
Project("{FAE04EC0-301F-11D3-BF4B-00C04F79EFBC}") = "Server", "Server\Server.csproj", "{56AE1AAC-9F55-43B6-BCEF-E3A61FE49C4B}"
EndProject
Global
	GlobalSection(SolutionConfigurationPlatforms) = preSolution
		Debug|Any CPU = Debug|Any CPU
		Release|Any CPU = Release|Any CPU
	EndGlobalSection
	GlobalSection(ProjectConfigurationPlatforms) = postSolution
		{4FB32B07-7350-45B1-B13D-1C87CDC54166}.Debug|Any CPU.ActiveCfg = Debug|Any CPU
		{4FB32B07-7350-45B1-B13D-1C87CDC54166}.Debug|Any CPU.Build.0 = Debug|Any CPU
		{4FB32B07-7350-45B1-B13D-1C87CDC54166}.Release|Any CPU.ActiveCfg = Release|Any CPU
		{4FB32B07-7350-45B1-B13D-1C87CDC54166}.Release|Any CPU.Build.0 = Release|Any CPU
		{56AE1AAC-9F55-43B6-BCEF-E3A61FE49C4B}.Debug|Any CPU.ActiveCfg = Debug|Any CPU
		{56AE1AAC-9F55-43B6-BCEF-E3A61FE49C4B}.Debug|Any CPU.Build.0 = Debug|Any CPU
		{56AE1AAC-9F55-43B6-BCEF-E3A61FE49C4B}.Release|Any CPU.ActiveCfg = Release|Any CPU
		{56AE1AAC-9F55-43B6-BCEF-E3A61FE49C4B}.Release|Any CPU.Build.0 = Release|Any CPU
	EndGlobalSection
	GlobalSection(SolutionProperties) = preSolution
		HideSolutionNode = FALSE
	EndGlobalSection
EndGlobal
